
Microsoft Visual Studio Solution File, Format Version 12.00
# Visual Studio 14
VisualStudioVersion = 14.0.23107.0
MinimumVisualStudioVersion = 10.0.40219.1
Project("{FAE04EC0-301F-11D3-BF4B-00C04F79EFBC}") = "HelpdeskDAL", "HelpdeskDAL\HelpdeskDAL.csproj", "{6F1719EB-D5DA-4985-8A66-26F086DA757C}"
EndProject
Project("{FAE04EC0-301F-11D3-BF4B-00C04F79EFBC}") = "HelpdeskTest", "HelpdeskTest\HelpdeskTest.csproj", "{A9F2E90A-A550-4088-B2EE-FA4E7DC6D00A}"
EndProject
Project("{FAE04EC0-301F-11D3-BF4B-00C04F79EFBC}") = "HelpdeskViewModels", "HelpdeskViewModels\HelpdeskViewModels.csproj", "{5E819831-53B6-4898-A99C-D61D441E2469}"
EndProject
Project("{FAE04EC0-301F-11D3-BF4B-00C04F79EFBC}") = "HelpdeskWeb", "HelpdeskWeb\HelpdeskWeb.csproj", "{7F7047B6-F489-42D6-A770-D2E48EB01386}"
EndProject
Global
	GlobalSection(SolutionConfigurationPlatforms) = preSolution
		Debug|Any CPU = Debug|Any CPU
		Release|Any CPU = Release|Any CPU
	EndGlobalSection
	GlobalSection(ProjectConfigurationPlatforms) = postSolution
		{6F1719EB-D5DA-4985-8A66-26F086DA757C}.Debug|Any CPU.ActiveCfg = Debug|Any CPU
		{6F1719EB-D5DA-4985-8A66-26F086DA757C}.Debug|Any CPU.Build.0 = Debug|Any CPU
		{6F1719EB-D5DA-4985-8A66-26F086DA757C}.Release|Any CPU.ActiveCfg = Release|Any CPU
		{6F1719EB-D5DA-4985-8A66-26F086DA757C}.Release|Any CPU.Build.0 = Release|Any CPU
		{A9F2E90A-A550-4088-B2EE-FA4E7DC6D00A}.Debug|Any CPU.ActiveCfg = Debug|Any CPU
		{A9F2E90A-A550-4088-B2EE-FA4E7DC6D00A}.Debug|Any CPU.Build.0 = Debug|Any CPU
		{A9F2E90A-A550-4088-B2EE-FA4E7DC6D00A}.Release|Any CPU.ActiveCfg = Release|Any CPU
		{A9F2E90A-A550-4088-B2EE-FA4E7DC6D00A}.Release|Any CPU.Build.0 = Release|Any CPU
		{5E819831-53B6-4898-A99C-D61D441E2469}.Debug|Any CPU.ActiveCfg = Debug|Any CPU
		{5E819831-53B6-4898-A99C-D61D441E2469}.Debug|Any CPU.Build.0 = Debug|Any CPU
		{5E819831-53B6-4898-A99C-D61D441E2469}.Release|Any CPU.ActiveCfg = Release|Any CPU
		{5E819831-53B6-4898-A99C-D61D441E2469}.Release|Any CPU.Build.0 = Release|Any CPU
		{7F7047B6-F489-42D6-A770-D2E48EB01386}.Debug|Any CPU.ActiveCfg = Debug|Any CPU
		{7F7047B6-F489-42D6-A770-D2E48EB01386}.Debug|Any CPU.Build.0 = Debug|Any CPU
		{7F7047B6-F489-42D6-A770-D2E48EB01386}.Release|Any CPU.ActiveCfg = Release|Any CPU
		{7F7047B6-F489-42D6-A770-D2E48EB01386}.Release|Any CPU.Build.0 = Release|Any CPU
	EndGlobalSection
	GlobalSection(SolutionProperties) = preSolution
		HideSolutionNode = FALSE
	EndGlobalSection
EndGlobal
